
Microsoft Visual Studio Solution File, Format Version 12.00
# Visual Studio Version 17
VisualStudioVersion = 17.3.32929.385
MinimumVisualStudioVersion = 10.0.40219.1
Project("{FAE04EC0-301F-11D3-BF4B-00C04F79EFBC}") = "TaskforAcademy", "TaskforAcademy\TaskforAcademy.csproj", "{D9E769FC-8583-4D1F-A833-2E026900C64C}"
EndProject
Global
	GlobalSection(SolutionConfigurationPlatforms) = preSolution
		Debug|Any CPU = Debug|Any CPU
		Release|Any CPU = Release|Any CPU
	EndGlobalSection
	GlobalSection(ProjectConfigurationPlatforms) = postSolution
		{D9E769FC-8583-4D1F-A833-2E026900C64C}.Debug|Any CPU.ActiveCfg = Debug|Any CPU
		{D9E769FC-8583-4D1F-A833-2E026900C64C}.Debug|Any CPU.Build.0 = Debug|Any CPU
		{D9E769FC-8583-4D1F-A833-2E026900C64C}.Release|Any CPU.ActiveCfg = Release|Any CPU
		{D9E769FC-8583-4D1F-A833-2E026900C64C}.Release|Any CPU.Build.0 = Release|Any CPU
	EndGlobalSection
	GlobalSection(SolutionProperties) = preSolution
		HideSolutionNode = FALSE
	EndGlobalSection
	GlobalSection(ExtensibilityGlobals) = postSolution
		SolutionGuid = {90F695C1-2B26-4ABE-A067-ED209B13BBA0}
	EndGlobalSection
EndGlobal
